
Microsoft Visual Studio Solution File, Format Version 12.00
# Visual Studio Version 17
VisualStudioVersion = 17.0.31903.59
MinimumVisualStudioVersion = 10.0.40219.1
Project("{2150E333-8FDC-42A3-9474-1A3956D46DE8}") = "src", "src", "{53625FEF-00F7-420A-A5DF-714C65CD2621}"
EndProject
Project("{FAE04EC0-301F-11D3-BF4B-00C04F79EFBC}") = "AuctionService", "src\AuctionService\AuctionService.csproj", "{B4C5D494-E209-454E-A462-4CEC351D6B55}"
EndProject
Project("{FAE04EC0-301F-11D3-BF4B-00C04F79EFBC}") = "SearchService", "src\SearchService\SearchService.csproj", "{FB608B9F-FD9F-4111-AF78-118768CD7F89}"
EndProject
Project("{FAE04EC0-301F-11D3-BF4B-00C04F79EFBC}") = "Contracts", "src\Contracts\Contracts.csproj", "{A0C60727-FDD9-422A-95AD-8674381164A9}"
EndProject
Project("{FAE04EC0-301F-11D3-BF4B-00C04F79EFBC}") = "IdentityService", "src\IdentityService\IdentityService.csproj", "{4BA20CD8-4794-43C6-89F1-D09E5BD97218}"
EndProject
Project("{FAE04EC0-301F-11D3-BF4B-00C04F79EFBC}") = "GatewayService", "src\GatewayService\GatewayService.csproj", "{86002610-6E04-4B12-B64E-E94EE2039D5E}"
EndProject
Project("{FAE04EC0-301F-11D3-BF4B-00C04F79EFBC}") = "BiddingService", "src\BiddingService\BiddingService.csproj", "{85199BAF-42AC-44B9-BF97-F5B848ED180B}"
EndProject
Project("{FAE04EC0-301F-11D3-BF4B-00C04F79EFBC}") = "NotificationService", "src\NotificationService\NotificationService.csproj", "{028A0E30-9DCE-446D-BB3C-F4345601BDE3}"
EndProject
Global
	GlobalSection(SolutionConfigurationPlatforms) = preSolution
		Debug|Any CPU = Debug|Any CPU
		Release|Any CPU = Release|Any CPU
	EndGlobalSection
	GlobalSection(SolutionProperties) = preSolution
		HideSolutionNode = FALSE
	EndGlobalSection
	GlobalSection(ProjectConfigurationPlatforms) = postSolution
		{B4C5D494-E209-454E-A462-4CEC351D6B55}.Debug|Any CPU.ActiveCfg = Debug|Any CPU
		{B4C5D494-E209-454E-A462-4CEC351D6B55}.Debug|Any CPU.Build.0 = Debug|Any CPU
		{B4C5D494-E209-454E-A462-4CEC351D6B55}.Release|Any CPU.ActiveCfg = Release|Any CPU
		{B4C5D494-E209-454E-A462-4CEC351D6B55}.Release|Any CPU.Build.0 = Release|Any CPU
		{FB608B9F-FD9F-4111-AF78-118768CD7F89}.Debug|Any CPU.ActiveCfg = Debug|Any CPU
		{FB608B9F-FD9F-4111-AF78-118768CD7F89}.Debug|Any CPU.Build.0 = Debug|Any CPU
		{FB608B9F-FD9F-4111-AF78-118768CD7F89}.Release|Any CPU.ActiveCfg = Release|Any CPU
		{FB608B9F-FD9F-4111-AF78-118768CD7F89}.Release|Any CPU.Build.0 = Release|Any CPU
		{A0C60727-FDD9-422A-95AD-8674381164A9}.Debug|Any CPU.ActiveCfg = Debug|Any CPU
		{A0C60727-FDD9-422A-95AD-8674381164A9}.Debug|Any CPU.Build.0 = Debug|Any CPU
		{A0C60727-FDD9-422A-95AD-8674381164A9}.Release|Any CPU.ActiveCfg = Release|Any CPU
		{A0C60727-FDD9-422A-95AD-8674381164A9}.Release|Any CPU.Build.0 = Release|Any CPU
		{4BA20CD8-4794-43C6-89F1-D09E5BD97218}.Debug|Any CPU.ActiveCfg = Debug|Any CPU
		{4BA20CD8-4794-43C6-89F1-D09E5BD97218}.Debug|Any CPU.Build.0 = Debug|Any CPU
		{4BA20CD8-4794-43C6-89F1-D09E5BD97218}.Release|Any CPU.ActiveCfg = Release|Any CPU
		{4BA20CD8-4794-43C6-89F1-D09E5BD97218}.Release|Any CPU.Build.0 = Release|Any CPU
		{86002610-6E04-4B12-B64E-E94EE2039D5E}.Debug|Any CPU.ActiveCfg = Debug|Any CPU
		{86002610-6E04-4B12-B64E-E94EE2039D5E}.Debug|Any CPU.Build.0 = Debug|Any CPU
		{86002610-6E04-4B12-B64E-E94EE2039D5E}.Release|Any CPU.ActiveCfg = Release|Any CPU
		{86002610-6E04-4B12-B64E-E94EE2039D5E}.Release|Any CPU.Build.0 = Release|Any CPU
		{85199BAF-42AC-44B9-BF97-F5B848ED180B}.Debug|Any CPU.ActiveCfg = Debug|Any CPU
		{85199BAF-42AC-44B9-BF97-F5B848ED180B}.Debug|Any CPU.Build.0 = Debug|Any CPU
		{85199BAF-42AC-44B9-BF97-F5B848ED180B}.Release|Any CPU.ActiveCfg = Release|Any CPU
		{85199BAF-42AC-44B9-BF97-F5B848ED180B}.Release|Any CPU.Build.0 = Release|Any CPU
		{028A0E30-9DCE-446D-BB3C-F4345601BDE3}.Debug|Any CPU.ActiveCfg = Debug|Any CPU
		{028A0E30-9DCE-446D-BB3C-F4345601BDE3}.Debug|Any CPU.Build.0 = Debug|Any CPU
		{028A0E30-9DCE-446D-BB3C-F4345601BDE3}.Release|Any CPU.ActiveCfg = Release|Any CPU
		{028A0E30-9DCE-446D-BB3C-F4345601BDE3}.Release|Any CPU.Build.0 = Release|Any CPU
	EndGlobalSection
	GlobalSection(NestedProjects) = preSolution
		{B4C5D494-E209-454E-A462-4CEC351D6B55} = {53625FEF-00F7-420A-A5DF-714C65CD2621}
		{FB608B9F-FD9F-4111-AF78-118768CD7F89} = {53625FEF-00F7-420A-A5DF-714C65CD2621}
		{A0C60727-FDD9-422A-95AD-8674381164A9} = {53625FEF-00F7-420A-A5DF-714C65CD2621}
		{4BA20CD8-4794-43C6-89F1-D09E5BD97218} = {53625FEF-00F7-420A-A5DF-714C65CD2621}
		{86002610-6E04-4B12-B64E-E94EE2039D5E} = {53625FEF-00F7-420A-A5DF-714C65CD2621}
		{85199BAF-42AC-44B9-BF97-F5B848ED180B} = {53625FEF-00F7-420A-A5DF-714C65CD2621}
		{028A0E30-9DCE-446D-BB3C-F4345601BDE3} = {53625FEF-00F7-420A-A5DF-714C65CD2621}
	EndGlobalSection
EndGlobal
